
Microsoft Visual Studio Solution File, Format Version 12.00
# Visual Studio Version 17
VisualStudioVersion = 17.0.31903.59
MinimumVisualStudioVersion = 10.0.40219.1
Project("{F2A71F9B-5D33-465A-A702-920D77279786}") = "ComputationExpressions", "ComputationExpressions\ComputationExpressions.fsproj", "{70F31691-B605-4B6D-AAA9-12FF2613B989}"
EndProject
Project("{F2A71F9B-5D33-465A-A702-920D77279786}") = "ComputationExpressions.Tests", "ComputationExpressions.Tests\ComputationExpressions.Tests.fsproj", "{D309CF5F-C59F-4BBF-AD74-395D20379DD7}"
EndProject
Global
	GlobalSection(SolutionConfigurationPlatforms) = preSolution
		Debug|Any CPU = Debug|Any CPU
		Release|Any CPU = Release|Any CPU
	EndGlobalSection
	GlobalSection(SolutionProperties) = preSolution
		HideSolutionNode = FALSE
	EndGlobalSection
	GlobalSection(ProjectConfigurationPlatforms) = postSolution
		{70F31691-B605-4B6D-AAA9-12FF2613B989}.Debug|Any CPU.ActiveCfg = Debug|Any CPU
		{70F31691-B605-4B6D-AAA9-12FF2613B989}.Debug|Any CPU.Build.0 = Debug|Any CPU
		{70F31691-B605-4B6D-AAA9-12FF2613B989}.Release|Any CPU.ActiveCfg = Release|Any CPU
		{70F31691-B605-4B6D-AAA9-12FF2613B989}.Release|Any CPU.Build.0 = Release|Any CPU
		{D309CF5F-C59F-4BBF-AD74-395D20379DD7}.Debug|Any CPU.ActiveCfg = Debug|Any CPU
		{D309CF5F-C59F-4BBF-AD74-395D20379DD7}.Debug|Any CPU.Build.0 = Debug|Any CPU
		{D309CF5F-C59F-4BBF-AD74-395D20379DD7}.Release|Any CPU.ActiveCfg = Release|Any CPU
		{D309CF5F-C59F-4BBF-AD74-395D20379DD7}.Release|Any CPU.Build.0 = Release|Any CPU
	EndGlobalSection
EndGlobal
